{
  "version": 4,
  "terraform_version": "1.2.6",
  "serial": 11,
  "lineage": "faa48e2f-21da-a6c5-73b2-03ae4b1a794c",
  "outputs": {
    "arquivozip": {
      "value": 448,
      "type": "number"
    },
    "random_string": {
      "value": "\u003c=Eb*oXx6g",
      "type": "string"
    }
  },
  "resources": [
    {
      "mode": "data",
      "type": "archive_file",
      "name": "arquivozip",
      "provider": "provider[\"registry.terraform.io/hashicorp/archive\"]",
      "instances": [
        {
          "schema_version": 0,
          "attributes": {
            "excludes": null,
            "id": "508949430d17b1a0ea567eb54b51920b5459b089",
            "output_base64sha256": "T+hb/jxh1Oi6drfhVwr8FxC/eOlgOl3OmqeJoCkjLnM=",
            "output_file_mode": null,
            "output_md5": "9eab8064a23e7fe32b48365da8700529",
            "output_path": "backup_diretorio.zip",
            "output_sha": "508949430d17b1a0ea567eb54b51920b5459b089",
            "output_size": 448,
            "source": [],
            "source_content": null,
            "source_content_filename": null,
            "source_dir": "data_backup",
            "source_file": null,
            "type": "zip"
          },
          "sensitive_attributes": []
        }
      ]
    },
    {
      "mode": "managed",
      "type": "random_string",
      "name": "random",
      "provider": "provider[\"registry.terraform.io/hashicorp/random\"]",
      "instances": [
        {
          "schema_version": 2,
          "attributes": {
            "id": "\u003c=Eb*oXx6g",
            "keepers": null,
            "length": 10,
            "lower": true,
            "min_lower": 0,
            "min_numeric": 0,
            "min_special": 0,
            "min_upper": 0,
            "number": true,
            "numeric": true,
            "override_special": null,
            "result": "\u003c=Eb*oXx6g",
            "special": true,
            "upper": true
          },
          "sensitive_attributes": [],
          "private": "eyJzY2hlbWFfdmVyc2lvbiI6IjIifQ=="
        }
      ]
    }
  ]
}
